---
version: 2
models:
  - name: stg_live_timing__extrapolated_clock
    description: '{{ doc("tbl_stg_live_timing__extrapolated_clock") }}'
    meta:
      dagster:
        asset_key:
          - staging
          - live_timing
          - extrapolated_clock
    columns:
      - name: utc_ts
      - name: remaining_session_time
      - name: is_extrapolated
      - name: session_ts
      - name: event_id
      - name: event_round_number
      - name: event_sha
      - name: event_country
      - name: event_start_local
      - name: event_name
      - name: session_id
      - name: session_sha
      - name: session_type
      - name: session_start_local
